
Microsoft Visual Studio Solution File, Format Version 12.00
# Visual Studio Version 17
VisualStudioVersion = 17.7.34221.43
MinimumVisualStudioVersion = 10.0.40219.1
Project("{8BC9CEB8-8B4A-11D0-8D11-00A0C91BC942}") = "СиАОД2-2", "СиАОД2-2\СиАОД2-2.vcxproj", "{0A87978A-2AEA-4F64-ADE7-4FF741E54806}"
EndProject
Project("{8BC9CEB8-8B4A-11D0-8D11-00A0C91BC942}") = "СиАОД2-3", "СиАОД2-3\СиАОД2-3.vcxproj", "{834AF6CA-F198-4C8F-91E5-B67EA698E886}"
EndProject
Project("{8BC9CEB8-8B4A-11D0-8D11-00A0C91BC942}") = "СиАОД2-4", "СиАОД2-4\СиАОД2-4.vcxproj", "{2412FD71-DF63-4516-9251-C292CE6801FC}"
EndProject
Project("{8BC9CEB8-8B4A-11D0-8D11-00A0C91BC942}") = "СиАОД2-5", "СиАОД2-5\СиАОД2-5.vcxproj", "{1A8B033A-6CDA-496B-970D-CAC1CD337DF8}"
EndProject
Project("{8BC9CEB8-8B4A-11D0-8D11-00A0C91BC942}") = "СиАОД2-6", "СиАОД2-6\СиАОД2-6.vcxproj", "{B55ACE72-DF97-4154-ACD9-2529B9F9C5CC}"
EndProject
Project("{8BC9CEB8-8B4A-11D0-8D11-00A0C91BC942}") = "СиАОД2-8", "СиАОД2-8\СиАОД2-8.vcxproj", "{69A9F807-2CB4-4256-943A-4BC29DAAEFD5}"
EndProject
Project("{2150E333-8FDC-42A3-9474-1A3956D46DE8}") = "СиАОД2-1", "СиАОД2-1", "{BE08DD4D-0EDC-45D5-9DBB-80E7C787CBF7}"
EndProject
Project("{8BC9CEB8-8B4A-11D0-8D11-00A0C91BC942}") = "СиАОД2-1-1", "СиАОД2-1-1\СиАОД2-1-1.vcxproj", "{07D4D820-FCEB-4721-8994-A67812865C09}"
EndProject
Project("{8BC9CEB8-8B4A-11D0-8D11-00A0C91BC942}") = "СиАОД2-1-2-1", "СиАОД2-1-2-1\СиАОД2-1-2-1.vcxproj", "{80187D2B-2531-4C92-9A79-95D2A24B1147}"
EndProject
Project("{8BC9CEB8-8B4A-11D0-8D11-00A0C91BC942}") = "СиАОД2-1-2-2", "СиАОД2-1-2-2\СиАОД2-1-2-2.vcxproj", "{47444798-DDE7-4FBA-B2D1-61ABB2DBC2D7}"
EndProject
Project("{8BC9CEB8-8B4A-11D0-8D11-00A0C91BC942}") = "СиАОД2-1-2-3", "СиАОД2-1-2-3\СиАОД2-1-2-3.vcxproj", "{7AB7CCAC-D0DB-4A8B-8B25-2D1F6385EBAC}"
EndProject
Project("{8BC9CEB8-8B4A-11D0-8D11-00A0C91BC942}") = "СиАОД2-1-3", "СиАОД2-1-3\СиАОД2-1-3.vcxproj", "{43E40788-7A41-455E-9431-C3C94358771E}"
EndProject
Project("{8BC9CEB8-8B4A-11D0-8D11-00A0C91BC942}") = "СиАОД2-7-LZ77", "СиАОД2-7-LZ77\СиАОД2-7-LZ77.vcxproj", "{DE867DA9-FF35-47C2-9200-9319BD1AC54F}"
EndProject
Project("{8BC9CEB8-8B4A-11D0-8D11-00A0C91BC942}") = "СиАОД2-7-LZ78", "СиАОД2-7-LZ78\СиАОД2-7-LZ78.vcxproj", "{A07FDC28-3E18-49CC-A4ED-0111DCDA47CE}"
EndProject
Project("{8BC9CEB8-8B4A-11D0-8D11-00A0C91BC942}") = "СиАОД2-7-ShannonFano", "СиАОД2-7-ShannonFano\СиАОД2-7-ShannonFano.vcxproj", "{FD8FD531-62B7-43A0-AF72-8B5F7FD6B716}"
EndProject
Project("{8BC9CEB8-8B4A-11D0-8D11-00A0C91BC942}") = "СиАОД2-7-Huffman", "СиАОД2-7-Huffman\СиАОД2-7-Huffman.vcxproj", "{DBD47E36-BA1B-4941-B557-DF250DB11C21}"
EndProject
Global
	GlobalSection(SolutionConfigurationPlatforms) = preSolution
		Debug|x64 = Debug|x64
		Debug|x86 = Debug|x86
		Release|x64 = Release|x64
		Release|x86 = Release|x86
	EndGlobalSection
	GlobalSection(ProjectConfigurationPlatforms) = postSolution
		{0A87978A-2AEA-4F64-ADE7-4FF741E54806}.Debug|x64.ActiveCfg = Debug|x64
		{0A87978A-2AEA-4F64-ADE7-4FF741E54806}.Debug|x64.Build.0 = Debug|x64
		{0A87978A-2AEA-4F64-ADE7-4FF741E54806}.Debug|x86.ActiveCfg = Debug|Win32
		{0A87978A-2AEA-4F64-ADE7-4FF741E54806}.Debug|x86.Build.0 = Debug|Win32
		{0A87978A-2AEA-4F64-ADE7-4FF741E54806}.Release|x64.ActiveCfg = Release|x64
		{0A87978A-2AEA-4F64-ADE7-4FF741E54806}.Release|x64.Build.0 = Release|x64
		{0A87978A-2AEA-4F64-ADE7-4FF741E54806}.Release|x86.ActiveCfg = Release|Win32
		{0A87978A-2AEA-4F64-ADE7-4FF741E54806}.Release|x86.Build.0 = Release|Win32
		{834AF6CA-F198-4C8F-91E5-B67EA698E886}.Debug|x64.ActiveCfg = Debug|x64
		{834AF6CA-F198-4C8F-91E5-B67EA698E886}.Debug|x64.Build.0 = Debug|x64
		{834AF6CA-F198-4C8F-91E5-B67EA698E886}.Debug|x86.ActiveCfg = Debug|Win32
		{834AF6CA-F198-4C8F-91E5-B67EA698E886}.Debug|x86.Build.0 = Debug|Win32
		{834AF6CA-F198-4C8F-91E5-B67EA698E886}.Release|x64.ActiveCfg = Release|x64
		{834AF6CA-F198-4C8F-91E5-B67EA698E886}.Release|x64.Build.0 = Release|x64
		{834AF6CA-F198-4C8F-91E5-B67EA698E886}.Release|x86.ActiveCfg = Release|Win32
		{834AF6CA-F198-4C8F-91E5-B67EA698E886}.Release|x86.Build.0 = Release|Win32
		{2412FD71-DF63-4516-9251-C292CE6801FC}.Debug|x64.ActiveCfg = Debug|x64
		{2412FD71-DF63-4516-9251-C292CE6801FC}.Debug|x64.Build.0 = Debug|x64
		{2412FD71-DF63-4516-9251-C292CE6801FC}.Debug|x86.ActiveCfg = Debug|Win32
		{2412FD71-DF63-4516-9251-C292CE6801FC}.Debug|x86.Build.0 = Debug|Win32
		{2412FD71-DF63-4516-9251-C292CE6801FC}.Release|x64.ActiveCfg = Release|x64
		{2412FD71-DF63-4516-9251-C292CE6801FC}.Release|x64.Build.0 = Release|x64
		{2412FD71-DF63-4516-9251-C292CE6801FC}.Release|x86.ActiveCfg = Release|Win32
		{2412FD71-DF63-4516-9251-C292CE6801FC}.Release|x86.Build.0 = Release|Win32
		{1A8B033A-6CDA-496B-970D-CAC1CD337DF8}.Debug|x64.ActiveCfg = Debug|x64
		{1A8B033A-6CDA-496B-970D-CAC1CD337DF8}.Debug|x64.Build.0 = Debug|x64
		{1A8B033A-6CDA-496B-970D-CAC1CD337DF8}.Debug|x86.ActiveCfg = Debug|Win32
		{1A8B033A-6CDA-496B-970D-CAC1CD337DF8}.Debug|x86.Build.0 = Debug|Win32
		{1A8B033A-6CDA-496B-970D-CAC1CD337DF8}.Release|x64.ActiveCfg = Release|x64
		{1A8B033A-6CDA-496B-970D-CAC1CD337DF8}.Release|x64.Build.0 = Release|x64
		{1A8B033A-6CDA-496B-970D-CAC1CD337DF8}.Release|x86.ActiveCfg = Release|Win32
		{1A8B033A-6CDA-496B-970D-CAC1CD337DF8}.Release|x86.Build.0 = Release|Win32
		{B55ACE72-DF97-4154-ACD9-2529B9F9C5CC}.Debug|x64.ActiveCfg = Debug|x64
		{B55ACE72-DF97-4154-ACD9-2529B9F9C5CC}.Debug|x64.Build.0 = Debug|x64
		{B55ACE72-DF97-4154-ACD9-2529B9F9C5CC}.Debug|x86.ActiveCfg = Debug|Win32
		{B55ACE72-DF97-4154-ACD9-2529B9F9C5CC}.Debug|x86.Build.0 = Debug|Win32
		{B55ACE72-DF97-4154-ACD9-2529B9F9C5CC}.Release|x64.ActiveCfg = Release|x64
		{B55ACE72-DF97-4154-ACD9-2529B9F9C5CC}.Release|x64.Build.0 = Release|x64
		{B55ACE72-DF97-4154-ACD9-2529B9F9C5CC}.Release|x86.ActiveCfg = Release|Win32
		{B55ACE72-DF97-4154-ACD9-2529B9F9C5CC}.Release|x86.Build.0 = Release|Win32
		{69A9F807-2CB4-4256-943A-4BC29DAAEFD5}.Debug|x64.ActiveCfg = Debug|x64
		{69A9F807-2CB4-4256-943A-4BC29DAAEFD5}.Debug|x64.Build.0 = Debug|x64
		{69A9F807-2CB4-4256-943A-4BC29DAAEFD5}.Debug|x86.ActiveCfg = Debug|Win32
		{69A9F807-2CB4-4256-943A-4BC29DAAEFD5}.Debug|x86.Build.0 = Debug|Win32
		{69A9F807-2CB4-4256-943A-4BC29DAAEFD5}.Release|x64.ActiveCfg = Release|x64
		{69A9F807-2CB4-4256-943A-4BC29DAAEFD5}.Release|x64.Build.0 = Release|x64
		{69A9F807-2CB4-4256-943A-4BC29DAAEFD5}.Release|x86.ActiveCfg = Release|Win32
		{69A9F807-2CB4-4256-943A-4BC29DAAEFD5}.Release|x86.Build.0 = Release|Win32
		{07D4D820-FCEB-4721-8994-A67812865C09}.Debug|x64.ActiveCfg = Debug|x64
		{07D4D820-FCEB-4721-8994-A67812865C09}.Debug|x64.Build.0 = Debug|x64
		{07D4D820-FCEB-4721-8994-A67812865C09}.Debug|x86.ActiveCfg = Debug|Win32
		{07D4D820-FCEB-4721-8994-A67812865C09}.Debug|x86.Build.0 = Debug|Win32
		{07D4D820-FCEB-4721-8994-A67812865C09}.Release|x64.ActiveCfg = Release|x64
		{07D4D820-FCEB-4721-8994-A67812865C09}.Release|x64.Build.0 = Release|x64
		{07D4D820-FCEB-4721-8994-A67812865C09}.Release|x86.ActiveCfg = Release|Win32
		{07D4D820-FCEB-4721-8994-A67812865C09}.Release|x86.Build.0 = Release|Win32
		{80187D2B-2531-4C92-9A79-95D2A24B1147}.Debug|x64.ActiveCfg = Debug|x64
		{80187D2B-2531-4C92-9A79-95D2A24B1147}.Debug|x64.Build.0 = Debug|x64
		{80187D2B-2531-4C92-9A79-95D2A24B1147}.Debug|x86.ActiveCfg = Debug|Win32
		{80187D2B-2531-4C92-9A79-95D2A24B1147}.Debug|x86.Build.0 = Debug|Win32
		{80187D2B-2531-4C92-9A79-95D2A24B1147}.Release|x64.ActiveCfg = Release|x64
		{80187D2B-2531-4C92-9A79-95D2A24B1147}.Release|x64.Build.0 = Release|x64
		{80187D2B-2531-4C92-9A79-95D2A24B1147}.Release|x86.ActiveCfg = Release|Win32
		{80187D2B-2531-4C92-9A79-95D2A24B1147}.Release|x86.Build.0 = Release|Win32
		{47444798-DDE7-4FBA-B2D1-61ABB2DBC2D7}.Debug|x64.ActiveCfg = Debug|x64
		{47444798-DDE7-4FBA-B2D1-61ABB2DBC2D7}.Debug|x64.Build.0 = Debug|x64
		{47444798-DDE7-4FBA-B2D1-61ABB2DBC2D7}.Debug|x86.ActiveCfg = Debug|Win32
		{47444798-DDE7-4FBA-B2D1-61ABB2DBC2D7}.Debug|x86.Build.0 = Debug|Win32
		{47444798-DDE7-4FBA-B2D1-61ABB2DBC2D7}.Release|x64.ActiveCfg = Release|x64
		{47444798-DDE7-4FBA-B2D1-61ABB2DBC2D7}.Release|x64.Build.0 = Release|x64
		{47444798-DDE7-4FBA-B2D1-61ABB2DBC2D7}.Release|x86.ActiveCfg = Release|Win32
		{47444798-DDE7-4FBA-B2D1-61ABB2DBC2D7}.Release|x86.Build.0 = Release|Win32
		{7AB7CCAC-D0DB-4A8B-8B25-2D1F6385EBAC}.Debug|x64.ActiveCfg = Debug|x64
		{7AB7CCAC-D0DB-4A8B-8B25-2D1F6385EBAC}.Debug|x64.Build.0 = Debug|x64
		{7AB7CCAC-D0DB-4A8B-8B25-2D1F6385EBAC}.Debug|x86.ActiveCfg = Debug|Win32
		{7AB7CCAC-D0DB-4A8B-8B25-2D1F6385EBAC}.Debug|x86.Build.0 = Debug|Win32
		{7AB7CCAC-D0DB-4A8B-8B25-2D1F6385EBAC}.Release|x64.ActiveCfg = Release|x64
		{7AB7CCAC-D0DB-4A8B-8B25-2D1F6385EBAC}.Release|x64.Build.0 = Release|x64
		{7AB7CCAC-D0DB-4A8B-8B25-2D1F6385EBAC}.Release|x86.ActiveCfg = Release|Win32
		{7AB7CCAC-D0DB-4A8B-8B25-2D1F6385EBAC}.Release|x86.Build.0 = Release|Win32
		{43E40788-7A41-455E-9431-C3C94358771E}.Debug|x64.ActiveCfg = Debug|x64
		{43E40788-7A41-455E-9431-C3C94358771E}.Debug|x64.Build.0 = Debug|x64
		{43E40788-7A41-455E-9431-C3C94358771E}.Debug|x86.ActiveCfg = Debug|Win32
		{43E40788-7A41-455E-9431-C3C94358771E}.Debug|x86.Build.0 = Debug|Win32
		{43E40788-7A41-455E-9431-C3C94358771E}.Release|x64.ActiveCfg = Release|x64
		{43E40788-7A41-455E-9431-C3C94358771E}.Release|x64.Build.0 = Release|x64
		{43E40788-7A41-455E-9431-C3C94358771E}.Release|x86.ActiveCfg = Release|Win32
		{43E40788-7A41-455E-9431-C3C94358771E}.Release|x86.Build.0 = Release|Win32
		{DE867DA9-FF35-47C2-9200-9319BD1AC54F}.Debug|x64.ActiveCfg = Debug|x64
		{DE867DA9-FF35-47C2-9200-9319BD1AC54F}.Debug|x64.Build.0 = Debug|x64
		{DE867DA9-FF35-47C2-9200-9319BD1AC54F}.Debug|x86.ActiveCfg = Debug|Win32
		{DE867DA9-FF35-47C2-9200-9319BD1AC54F}.Debug|x86.Build.0 = Debug|Win32
		{DE867DA9-FF35-47C2-9200-9319BD1AC54F}.Release|x64.ActiveCfg = Release|x64
		{DE867DA9-FF35-47C2-9200-9319BD1AC54F}.Release|x64.Build.0 = Release|x64
		{DE867DA9-FF35-47C2-9200-9319BD1AC54F}.Release|x86.ActiveCfg = Release|Win32
		{DE867DA9-FF35-47C2-9200-9319BD1AC54F}.Release|x86.Build.0 = Release|Win32
		{A07FDC28-3E18-49CC-A4ED-0111DCDA47CE}.Debug|x64.ActiveCfg = Debug|x64
		{A07FDC28-3E18-49CC-A4ED-0111DCDA47CE}.Debug|x64.Build.0 = Debug|x64
		{A07FDC28-3E18-49CC-A4ED-0111DCDA47CE}.Debug|x86.ActiveCfg = Debug|Win32
		{A07FDC28-3E18-49CC-A4ED-0111DCDA47CE}.Debug|x86.Build.0 = Debug|Win32
		{A07FDC28-3E18-49CC-A4ED-0111DCDA47CE}.Release|x64.ActiveCfg = Release|x64
		{A07FDC28-3E18-49CC-A4ED-0111DCDA47CE}.Release|x64.Build.0 = Release|x64
		{A07FDC28-3E18-49CC-A4ED-0111DCDA47CE}.Release|x86.ActiveCfg = Release|Win32
		{A07FDC28-3E18-49CC-A4ED-0111DCDA47CE}.Release|x86.Build.0 = Release|Win32
		{FD8FD531-62B7-43A0-AF72-8B5F7FD6B716}.Debug|x64.ActiveCfg = Debug|x64
		{FD8FD531-62B7-43A0-AF72-8B5F7FD6B716}.Debug|x64.Build.0 = Debug|x64
		{FD8FD531-62B7-43A0-AF72-8B5F7FD6B716}.Debug|x86.ActiveCfg = Debug|Win32
		{FD8FD531-62B7-43A0-AF72-8B5F7FD6B716}.Debug|x86.Build.0 = Debug|Win32
		{FD8FD531-62B7-43A0-AF72-8B5F7FD6B716}.Release|x64.ActiveCfg = Release|x64
		{FD8FD531-62B7-43A0-AF72-8B5F7FD6B716}.Release|x64.Build.0 = Release|x64
		{FD8FD531-62B7-43A0-AF72-8B5F7FD6B716}.Release|x86.ActiveCfg = Release|Win32
		{FD8FD531-62B7-43A0-AF72-8B5F7FD6B716}.Release|x86.Build.0 = Release|Win32
		{DBD47E36-BA1B-4941-B557-DF250DB11C21}.Debug|x64.ActiveCfg = Debug|x64
		{DBD47E36-BA1B-4941-B557-DF250DB11C21}.Debug|x64.Build.0 = Debug|x64
		{DBD47E36-BA1B-4941-B557-DF250DB11C21}.Debug|x86.ActiveCfg = Debug|Win32
		{DBD47E36-BA1B-4941-B557-DF250DB11C21}.Debug|x86.Build.0 = Debug|Win32
		{DBD47E36-BA1B-4941-B557-DF250DB11C21}.Release|x64.ActiveCfg = Release|x64
		{DBD47E36-BA1B-4941-B557-DF250DB11C21}.Release|x64.Build.0 = Release|x64
		{DBD47E36-BA1B-4941-B557-DF250DB11C21}.Release|x86.ActiveCfg = Release|Win32
		{DBD47E36-BA1B-4941-B557-DF250DB11C21}.Release|x86.Build.0 = Release|Win32
	EndGlobalSection
	GlobalSection(SolutionProperties) = preSolution
		HideSolutionNode = FALSE
	EndGlobalSection
	GlobalSection(NestedProjects) = preSolution
		{07D4D820-FCEB-4721-8994-A67812865C09} = {BE08DD4D-0EDC-45D5-9DBB-80E7C787CBF7}
		{80187D2B-2531-4C92-9A79-95D2A24B1147} = {BE08DD4D-0EDC-45D5-9DBB-80E7C787CBF7}
		{47444798-DDE7-4FBA-B2D1-61ABB2DBC2D7} = {BE08DD4D-0EDC-45D5-9DBB-80E7C787CBF7}
		{7AB7CCAC-D0DB-4A8B-8B25-2D1F6385EBAC} = {BE08DD4D-0EDC-45D5-9DBB-80E7C787CBF7}
		{43E40788-7A41-455E-9431-C3C94358771E} = {BE08DD4D-0EDC-45D5-9DBB-80E7C787CBF7}
	EndGlobalSection
	GlobalSection(ExtensibilityGlobals) = postSolution
		SolutionGuid = {E0775E9A-27B1-4D37-B976-5A7D7D2E58B3}
	EndGlobalSection
EndGlobal
